{
  "requires": true,
  "lockfileVersion": 1,
  "dependencies": {
    "react-flippy": {
      "version": "0.1.2",
      "resolved": "https://registry.npmjs.org/react-flippy/-/react-flippy-0.1.2.tgz",
      "integrity": "sha512-ldShzh+XC3ts15DOwuYl9QJQ03bn6k6QcDwUHQcuui8l47vH5B7gxpBYLg3ybtj+0li/4Zc4UUr8VwdDX7G/bQ=="
    }
  }
}
